
Microsoft Visual Studio Solution File, Format Version 12.00
# Visual Studio Version 17
VisualStudioVersion = 17.3.32811.315
MinimumVisualStudioVersion = 10.0.40219.1
Project("{2150E333-8FDC-42A3-9474-1A3956D46DE8}") = "Éléments de solution", "Éléments de solution", "{2B4B935F-D200-47FB-83C5-B81A78D3EEC0}"
	ProjectSection(SolutionItems) = preProject
		README.md = README.md
	EndProjectSection
EndProject
Project("{FAE04EC0-301F-11D3-BF4B-00C04F79EFBC}") = "Miscellaneous", "Miscellaneous\Miscellaneous.csproj", "{81517091-7C58-4182-8AC3-FAF8B4845DCB}"
EndProject
Global
	GlobalSection(SolutionConfigurationPlatforms) = preSolution
		Debug|Any CPU = Debug|Any CPU
		Release|Any CPU = Release|Any CPU
	EndGlobalSection
	GlobalSection(ProjectConfigurationPlatforms) = postSolution
		{81517091-7C58-4182-8AC3-FAF8B4845DCB}.Debug|Any CPU.ActiveCfg = Debug|Any CPU
		{81517091-7C58-4182-8AC3-FAF8B4845DCB}.Debug|Any CPU.Build.0 = Debug|Any CPU
		{81517091-7C58-4182-8AC3-FAF8B4845DCB}.Release|Any CPU.ActiveCfg = Release|Any CPU
		{81517091-7C58-4182-8AC3-FAF8B4845DCB}.Release|Any CPU.Build.0 = Release|Any CPU
	EndGlobalSection
	GlobalSection(SolutionProperties) = preSolution
		HideSolutionNode = FALSE
	EndGlobalSection
	GlobalSection(ExtensibilityGlobals) = postSolution
		SolutionGuid = {180D1217-4F69-40CA-8026-FC66C7B0B35C}
	EndGlobalSection
EndGlobal
